
Microsoft Visual Studio Solution File, Format Version 12.00
# Visual Studio Version 17
VisualStudioVersion = 17.7.34031.279
MinimumVisualStudioVersion = 10.0.40219.1
Project("{FAE04EC0-301F-11D3-BF4B-00C04F79EFBC}") = "fibonacci", "fibonacci.csproj", "{7CF788BC-CC08-46FE-B6CB-2D68096D4DCD}"
EndProject
Global
	GlobalSection(SolutionConfigurationPlatforms) = preSolution
		Debug|Any CPU = Debug|Any CPU
		Release|Any CPU = Release|Any CPU
	EndGlobalSection
	GlobalSection(ProjectConfigurationPlatforms) = postSolution
		{7CF788BC-CC08-46FE-B6CB-2D68096D4DCD}.Debug|Any CPU.ActiveCfg = Debug|Any CPU
		{7CF788BC-CC08-46FE-B6CB-2D68096D4DCD}.Debug|Any CPU.Build.0 = Debug|Any CPU
		{7CF788BC-CC08-46FE-B6CB-2D68096D4DCD}.Release|Any CPU.ActiveCfg = Release|Any CPU
		{7CF788BC-CC08-46FE-B6CB-2D68096D4DCD}.Release|Any CPU.Build.0 = Release|Any CPU
	EndGlobalSection
	GlobalSection(SolutionProperties) = preSolution
		HideSolutionNode = FALSE
	EndGlobalSection
	GlobalSection(ExtensibilityGlobals) = postSolution
		SolutionGuid = {E73C8DC9-7F01-4F6C-BFE7-8A4F5F12444B}
	EndGlobalSection
EndGlobal
