
Microsoft Visual Studio Solution File, Format Version 12.00
# Visual Studio Version 17
VisualStudioVersion = 17.7.34031.279
MinimumVisualStudioVersion = 10.0.40219.1
Project("{FAE04EC0-301F-11D3-BF4B-00C04F79EFBC}") = "AccessModifiers", "AccessModifiers.csproj", "{D5E8B952-BB15-40F7-8AEB-F37930C0E956}"
EndProject
Global
	GlobalSection(SolutionConfigurationPlatforms) = preSolution
		Debug|Any CPU = Debug|Any CPU
		Release|Any CPU = Release|Any CPU
	EndGlobalSection
	GlobalSection(ProjectConfigurationPlatforms) = postSolution
		{D5E8B952-BB15-40F7-8AEB-F37930C0E956}.Debug|Any CPU.ActiveCfg = Debug|Any CPU
		{D5E8B952-BB15-40F7-8AEB-F37930C0E956}.Debug|Any CPU.Build.0 = Debug|Any CPU
		{D5E8B952-BB15-40F7-8AEB-F37930C0E956}.Release|Any CPU.ActiveCfg = Release|Any CPU
		{D5E8B952-BB15-40F7-8AEB-F37930C0E956}.Release|Any CPU.Build.0 = Release|Any CPU
	EndGlobalSection
	GlobalSection(SolutionProperties) = preSolution
		HideSolutionNode = FALSE
	EndGlobalSection
	GlobalSection(ExtensibilityGlobals) = postSolution
		SolutionGuid = {B4A53FB5-8208-46E5-AF95-71FD3BC9EC20}
	EndGlobalSection
EndGlobal
